
Microsoft Visual Studio Solution File, Format Version 12.00
# Visual Studio Version 17
VisualStudioVersion = 17.5.33530.505
MinimumVisualStudioVersion = 10.0.40219.1
Project("{9A19103F-16F7-4668-BE54-9A1E7A4F7556}") = "WebApi", "WebApi.csproj", "{8DD7FC57-B494-4721-BDA8-4C93AF9108C4}"
EndProject
Project("{9A19103F-16F7-4668-BE54-9A1E7A4F7556}") = "Model", "..\Model\Model.csproj", "{28998588-9E6E-4D2A-B1D7-93FAD541AD54}"
EndProject
Project("{9A19103F-16F7-4668-BE54-9A1E7A4F7556}") = "DAL", "..\DAL\DAL.csproj", "{72AFF154-5FFE-4039-905D-BE4427264111}"
EndProject
Project("{9A19103F-16F7-4668-BE54-9A1E7A4F7556}") = "BLL_EF", "..\BLL_EF\BLL_EF.csproj", "{7AA8E2A8-F377-4E15-9954-912E2DCD6A47}"
EndProject
Project("{9A19103F-16F7-4668-BE54-9A1E7A4F7556}") = "BLL", "..\BLL\BLL.csproj", "{6DF2A90F-CB8E-4A4E-AB24-71397E8EAF75}"
EndProject
Project("{9A19103F-16F7-4668-BE54-9A1E7A4F7556}") = "BLL_DB", "..\BLL_DB\BLL_DB.csproj", "{0122250F-CB83-40F3-AFE9-548AEEBA69FF}"
EndProject
Project("{2150E333-8FDC-42A3-9474-1A3956D46DE8}") = "docks", "docks", "{4C0ED50C-65F6-4329-849B-380E7999EEF2}"
	ProjectSection(SolutionItems) = preProject
		..\docks\Dawid CamprProgramowanie Bazodanowe Sprawozdanie.docx = ..\docks\Dawid CamprProgramowanie Bazodanowe Sprawozdanie.docx
		..\docks\sql.txt = ..\docks\sql.txt
	EndProjectSection
EndProject
Global
	GlobalSection(SolutionConfigurationPlatforms) = preSolution
		Debug|Any CPU = Debug|Any CPU
		Release|Any CPU = Release|Any CPU
	EndGlobalSection
	GlobalSection(ProjectConfigurationPlatforms) = postSolution
		{8DD7FC57-B494-4721-BDA8-4C93AF9108C4}.Debug|Any CPU.ActiveCfg = Debug|Any CPU
		{8DD7FC57-B494-4721-BDA8-4C93AF9108C4}.Debug|Any CPU.Build.0 = Debug|Any CPU
		{8DD7FC57-B494-4721-BDA8-4C93AF9108C4}.Release|Any CPU.ActiveCfg = Release|Any CPU
		{8DD7FC57-B494-4721-BDA8-4C93AF9108C4}.Release|Any CPU.Build.0 = Release|Any CPU
		{28998588-9E6E-4D2A-B1D7-93FAD541AD54}.Debug|Any CPU.ActiveCfg = Debug|Any CPU
		{28998588-9E6E-4D2A-B1D7-93FAD541AD54}.Debug|Any CPU.Build.0 = Debug|Any CPU
		{28998588-9E6E-4D2A-B1D7-93FAD541AD54}.Release|Any CPU.ActiveCfg = Release|Any CPU
		{28998588-9E6E-4D2A-B1D7-93FAD541AD54}.Release|Any CPU.Build.0 = Release|Any CPU
		{72AFF154-5FFE-4039-905D-BE4427264111}.Debug|Any CPU.ActiveCfg = Debug|Any CPU
		{72AFF154-5FFE-4039-905D-BE4427264111}.Debug|Any CPU.Build.0 = Debug|Any CPU
		{72AFF154-5FFE-4039-905D-BE4427264111}.Release|Any CPU.ActiveCfg = Release|Any CPU
		{72AFF154-5FFE-4039-905D-BE4427264111}.Release|Any CPU.Build.0 = Release|Any CPU
		{7AA8E2A8-F377-4E15-9954-912E2DCD6A47}.Debug|Any CPU.ActiveCfg = Debug|Any CPU
		{7AA8E2A8-F377-4E15-9954-912E2DCD6A47}.Debug|Any CPU.Build.0 = Debug|Any CPU
		{7AA8E2A8-F377-4E15-9954-912E2DCD6A47}.Release|Any CPU.ActiveCfg = Release|Any CPU
		{7AA8E2A8-F377-4E15-9954-912E2DCD6A47}.Release|Any CPU.Build.0 = Release|Any CPU
		{6DF2A90F-CB8E-4A4E-AB24-71397E8EAF75}.Debug|Any CPU.ActiveCfg = Debug|Any CPU
		{6DF2A90F-CB8E-4A4E-AB24-71397E8EAF75}.Debug|Any CPU.Build.0 = Debug|Any CPU
		{6DF2A90F-CB8E-4A4E-AB24-71397E8EAF75}.Release|Any CPU.ActiveCfg = Release|Any CPU
		{6DF2A90F-CB8E-4A4E-AB24-71397E8EAF75}.Release|Any CPU.Build.0 = Release|Any CPU
		{0122250F-CB83-40F3-AFE9-548AEEBA69FF}.Debug|Any CPU.ActiveCfg = Debug|Any CPU
		{0122250F-CB83-40F3-AFE9-548AEEBA69FF}.Debug|Any CPU.Build.0 = Debug|Any CPU
		{0122250F-CB83-40F3-AFE9-548AEEBA69FF}.Release|Any CPU.ActiveCfg = Release|Any CPU
		{0122250F-CB83-40F3-AFE9-548AEEBA69FF}.Release|Any CPU.Build.0 = Release|Any CPU
	EndGlobalSection
	GlobalSection(SolutionProperties) = preSolution
		HideSolutionNode = FALSE
	EndGlobalSection
	GlobalSection(ExtensibilityGlobals) = postSolution
		SolutionGuid = {A187AC05-2E11-4AA8-9993-5AD982781094}
	EndGlobalSection
EndGlobal
